# THIS IS AN AUTOGENERATED FILE. DO NOT EDIT THIS FILE DIRECTLY.
# yarn lockfile v1


"@axe-core/playwright@^4.10.1":
  version "4.10.1"
  resolved "https://registry.yarnpkg.com/@axe-core/playwright/-/playwright-4.10.1.tgz#c811ba8bfa244833cce422c4131e0043828c42cc"
  integrity sha512-EV5t39VV68kuAfMKqb/RL+YjYKhfuGim9rgIaQ6Vntb2HgaCaau0h98Y3WEUqW1+PbdzxDtDNjFAipbtZuBmEA==
  dependencies:
    axe-core "~4.10.2"

"@playwright/test@^1.55.0":
  version "1.56.1"
  resolved "https://registry.yarnpkg.com/@playwright/test/-/test-1.56.1.tgz#6e3bf3d0c90c5cf94bf64bdb56fd15a805c8bd3f"
  integrity sha512-vSMYtL/zOcFpvJCW71Q/OEGQb7KYBPAdKh35WNSkaZA75JlAO8ED8UN6GUNTm3drWomcbcqRPFqQbLae8yBTdg==
  dependencies:
    playwright "1.56.1"

axe-core@~4.10.2:
  version "4.10.2"
  resolved "https://registry.yarnpkg.com/axe-core/-/axe-core-4.10.2.tgz#85228e3e1d8b8532a27659b332e39b7fa0e022df"
  integrity sha512-RE3mdQ7P3FRSe7eqCWoeQ/Z9QXrtniSjp1wUjt5nRC3WIpz5rSCve6o3fsZ2aCpJtrZjSZgjwXAoTO5k4tEI0w==

dotenv@^8.2.0:
  version "8.6.0"
  resolved "https://registry.yarnpkg.com/dotenv/-/dotenv-8.6.0.tgz#061af664d19f7f4d8fc6e4ff9b584ce237adcb8b"
  integrity sha512-IrPdXQsk2BbzvCBGBOTmmSH5SodmqZNt4ERAZDmW4CT+tL8VtvinqywuANaFu4bOMWki16nqf0e4oC0QIaDr/g==

fsevents@2.3.2:
  version "2.3.2"
  resolved "https://registry.yarnpkg.com/fsevents/-/fsevents-2.3.2.tgz#8a526f78b8fdf4623b709e0b975c52c24c02fd1a"
  integrity sha512-xiqMQR4xAeHTuB9uWm+fFRcIOgKBMiOBP+eXiyT7jsgVCq1bkVygt00oASowB7EdtpOHaaPgKt812P9ab+DDKA==

playwright-core@1.56.1:
  version "1.56.1"
  resolved "https://registry.yarnpkg.com/playwright-core/-/playwright-core-1.56.1.tgz#24a66481e5cd33a045632230aa2c4f0cb6b1db3d"
  integrity sha512-hutraynyn31F+Bifme+Ps9Vq59hKuUCz7H1kDOcBs+2oGguKkWTU50bBWrtz34OUWmIwpBTWDxaRPXrIXkgvmQ==

playwright@1.56.1, playwright@^1.55.0:
  version "1.56.1"
  resolved "https://registry.yarnpkg.com/playwright/-/playwright-1.56.1.tgz#62e3b99ddebed0d475e5936a152c88e68be55fbf"
  integrity sha512-aFi5B0WovBHTEvpM3DzXTUaeN6eN0qWnTkKx4NQaH4Wvcmc153PdaY2UBdSYKaGYw+UyWXSVyxDUg5DoPEttjw==
  dependencies:
    playwright-core "1.56.1"
  optionalDependencies:
    fsevents "2.3.2"
