# THIS IS AN AUTOGENERATED FILE. DO NOT EDIT THIS FILE DIRECTLY.
# yarn lockfile v1


"@axe-core/playwright@^4.10.1":
  version "4.10.1"
  resolved "https://registry.yarnpkg.com/@axe-core/playwright/-/playwright-4.10.1.tgz#c811ba8bfa244833cce422c4131e0043828c42cc"
  integrity sha512-EV5t39VV68kuAfMKqb/RL+YjYKhfuGim9rgIaQ6Vntb2HgaCaau0h98Y3WEUqW1+PbdzxDtDNjFAipbtZuBmEA==
  dependencies:
    axe-core "~4.10.2"

"@playwright/test@^1.49.0":
  version "1.49.0"
  resolved "https://registry.yarnpkg.com/@playwright/test/-/test-1.49.0.tgz#74227385b58317ee076b86b56d0e1e1b25cff01e"
  integrity sha512-DMulbwQURa8rNIQrf94+jPJQ4FmOVdpE5ZppRNvWVjvhC+6sOeo28r8MgIpQRYouXRtt/FCCXU7zn20jnHR4Qw==
  dependencies:
    playwright "1.49.0"

axe-core@~4.10.2:
  version "4.10.2"
  resolved "https://registry.yarnpkg.com/axe-core/-/axe-core-4.10.2.tgz#85228e3e1d8b8532a27659b332e39b7fa0e022df"
  integrity sha512-RE3mdQ7P3FRSe7eqCWoeQ/Z9QXrtniSjp1wUjt5nRC3WIpz5rSCve6o3fsZ2aCpJtrZjSZgjwXAoTO5k4tEI0w==

fsevents@2.3.2:
  version "2.3.2"
  resolved "https://registry.yarnpkg.com/fsevents/-/fsevents-2.3.2.tgz#8a526f78b8fdf4623b709e0b975c52c24c02fd1a"
  integrity sha512-xiqMQR4xAeHTuB9uWm+fFRcIOgKBMiOBP+eXiyT7jsgVCq1bkVygt00oASowB7EdtpOHaaPgKt812P9ab+DDKA==

playwright-core@1.49.0:
  version "1.49.0"
  resolved "https://registry.yarnpkg.com/playwright-core/-/playwright-core-1.49.0.tgz#8e69ffed3f41855b854982f3632f2922c890afcb"
  integrity sha512-R+3KKTQF3npy5GTiKH/T+kdhoJfJojjHESR1YEWhYuEKRVfVaxH3+4+GvXE5xyCngCxhxnykk0Vlah9v8fs3jA==

playwright-core@1.55.1:
  version "1.55.1"
  resolved "https://registry.yarnpkg.com/playwright-core/-/playwright-core-1.55.1.tgz#5d3bb1846bc4289d364ea1a9dcb33f14545802e9"
  integrity sha512-Z6Mh9mkwX+zxSlHqdr5AOcJnfp+xUWLCt9uKV18fhzA8eyxUd8NUWzAjxUh55RZKSYwDGX0cfaySdhZJGMoJ+w==

playwright@1.49.0:
  version "1.49.0"
  resolved "https://registry.yarnpkg.com/playwright/-/playwright-1.49.0.tgz#df6b9e05423377a99658202844a294a8afb95d0a"
  integrity sha512-eKpmys0UFDnfNb3vfsf8Vx2LEOtflgRebl0Im2eQQnYMA4Aqd+Zw8bEOB+7ZKvN76901mRnqdsiOGKxzVTbi7A==
  dependencies:
    playwright-core "1.49.0"
  optionalDependencies:
    fsevents "2.3.2"

playwright@^1.55.1:
  version "1.55.1"
  resolved "https://registry.yarnpkg.com/playwright/-/playwright-1.55.1.tgz#8a9954e9e61ed1ab479212af9be336888f8b3f0e"
  integrity sha512-cJW4Xd/G3v5ovXtJJ52MAOclqeac9S/aGGgRzLabuF8TnIb6xHvMzKIa6JmrRzUkeXJgfL1MhukP0NK6l39h3A==
  dependencies:
    playwright-core "1.55.1"
  optionalDependencies:
    fsevents "2.3.2"
